<Solution>
  <Folder Name="/src/">
    <Project Path="src/SuperCalcBenchmark.Cli/SuperCalcBenchmark.Cli.csproj" />
    <Project Path="src/SuperCalcBenchmark.Core/SuperCalcBenchmark.Core.csproj" />
    <Project Path="src/SuperCalcBenchmark.Tests/SuperCalcBenchmark.Tests.csproj" />
  </Folder>
</Solution>
